
Microsoft Visual Studio Solution File, Format Version 12.00
# Visual Studio Version 16
VisualStudioVersion = 16.0.30804.86
MinimumVisualStudioVersion = 10.0.40219.1
Project("{8BC9CEB8-8B4A-11D0-8D11-00A0C91BC942}") = "TokenTest", "TokenTest\TokenTest.vcxproj", "{AB2AC460-91F2-4F33-BE3A-ECC237ED9A09}"
EndProject
Global
	GlobalSection(SolutionConfigurationPlatforms) = preSolution
		Debug|x64 = Debug|x64
		Debug|x86 = Debug|x86
		Release|x64 = Release|x64
		Release|x86 = Release|x86
	EndGlobalSection
	GlobalSection(ProjectConfigurationPlatforms) = postSolution
		{AB2AC460-91F2-4F33-BE3A-ECC237ED9A09}.Debug|x64.ActiveCfg = Debug|x64
		{AB2AC460-91F2-4F33-BE3A-ECC237ED9A09}.Debug|x64.Build.0 = Debug|x64
		{AB2AC460-91F2-4F33-BE3A-ECC237ED9A09}.Debug|x86.ActiveCfg = Debug|Win32
		{AB2AC460-91F2-4F33-BE3A-ECC237ED9A09}.Debug|x86.Build.0 = Debug|Win32
		{AB2AC460-91F2-4F33-BE3A-ECC237ED9A09}.Release|x64.ActiveCfg = Release|x64
		{AB2AC460-91F2-4F33-BE3A-ECC237ED9A09}.Release|x64.Build.0 = Release|x64
		{AB2AC460-91F2-4F33-BE3A-ECC237ED9A09}.Release|x86.ActiveCfg = Release|Win32
		{AB2AC460-91F2-4F33-BE3A-ECC237ED9A09}.Release|x86.Build.0 = Release|Win32
	EndGlobalSection
	GlobalSection(SolutionProperties) = preSolution
		HideSolutionNode = FALSE
	EndGlobalSection
	GlobalSection(ExtensibilityGlobals) = postSolution
		SolutionGuid = {7C40A5A7-9081-47B0-BB98-034FD14A8879}
	EndGlobalSection
EndGlobal
